
Microsoft Visual Studio Solution File, Format Version 12.00
# Visual Studio Version 16
VisualStudioVersion = 16.0.30907.101
MinimumVisualStudioVersion = 10.0.40219.1
Project("{FAE04EC0-301F-11D3-BF4B-00C04F79EFBC}") = "WebApplication1", "WebApplication1\WebApplication1.csproj", "{DC8FBD34-7ED4-4AC2-A722-339C3DF0BB2B}"
EndProject
Global
	GlobalSection(SolutionConfigurationPlatforms) = preSolution
		Debug|Any CPU = Debug|Any CPU
		Release|Any CPU = Release|Any CPU
	EndGlobalSection
	GlobalSection(ProjectConfigurationPlatforms) = postSolution
		{DC8FBD34-7ED4-4AC2-A722-339C3DF0BB2B}.Debug|Any CPU.ActiveCfg = Debug|Any CPU
		{DC8FBD34-7ED4-4AC2-A722-339C3DF0BB2B}.Debug|Any CPU.Build.0 = Debug|Any CPU
		{DC8FBD34-7ED4-4AC2-A722-339C3DF0BB2B}.Release|Any CPU.ActiveCfg = Release|Any CPU
		{DC8FBD34-7ED4-4AC2-A722-339C3DF0BB2B}.Release|Any CPU.Build.0 = Release|Any CPU
	EndGlobalSection
	GlobalSection(SolutionProperties) = preSolution
		HideSolutionNode = FALSE
	EndGlobalSection
	GlobalSection(ExtensibilityGlobals) = postSolution
		SolutionGuid = {E9DF49D7-F657-49A8-9651-54B69E01044D}
	EndGlobalSection
EndGlobal
